<?xml version="1.0" encoding="utf-8"?>
<Project ToolsVersion="4.0" xmlns="http://schemas.microsoft.com/developer/msbuild/2003">
  <ItemGroup>
    <Filter Include="Source Files">
      <UniqueIdentifier>{4FC737F1-C7A5-4376-A066-2A32D752A2FF}</UniqueIdentifier>
      <Extensions>cpp;c;cc;cxx;def;odl;idl;hpj;bat;asm;asmx</Extensions>
    </Filter>
    <Filter Include="Header Files">
      <UniqueIdentifier>{93995380-89BD-4b04-88EB-625FBE52EBFB}</UniqueIdentifier>
      <Extensions>h;hh;hpp;hxx;hm;inl;inc;xsd</Extensions>
    </Filter>
    <Filter Include="Resource Files">
      <UniqueIdentifier>{67DA6AB6-F800-4c08-8B7A-83BB121AAD01}</UniqueIdentifier>
      <Extensions>rc;ico;cur;bmp;dlg;rc2;rct;bin;rgs;gif;jpg;jpeg;jpe;resx;tiff;tif;png;wav;mfcribbon-ms</Extensions>
    </Filter>
  </ItemGroup>
  <ItemGroup>
    <None Include="PikoPikoLoveTouchMini.ino" />
  </ItemGroup>
  <ItemGroup>
    <ClInclude Include="__vm\.PikoPikoLoveTouchMini.vsarduino.h">
      <Filter>Header Files</Filter>
    </ClInclude>
    <ClInclude Include="TactButton.h">
      <Filter>Header Files</Filter>
    </ClInclude>
    <ClInclude Include="EventHandler.h">
      <Filter>Header Files</Filter>
    </ClInclude>
    <ClInclude Include="Timer.h">
      <Filter>Header Files</Filter>
    </ClInclude>
    <ClInclude Include="Buzzer.h">
      <Filter>Header Files</Filter>
    </ClInclude>
    <ClInclude Include="LedStrip.h">
      <Filter>Header Files</Filter>
    </ClInclude>
    <ClInclude Include="TouchPanel.h">
      <Filter>Header Files</Filter>
    </ClInclude>
    <ClInclude Include="IState.h">
      <Filter>Header Files</Filter>
    </ClInclude>
    <ClInclude Include="AccessoriesState01.h">
      <Filter>Header Files</Filter>
    </ClInclude>
    <ClInclude Include="GameStateWaitingLoveTouch.h">
      <Filter>Header Files</Filter>
    </ClInclude>
    <ClInclude Include="GameStateManager.h">
      <Filter>Header Files</Filter>
    </ClInclude>
    <ClInclude Include="GameStatePlaying.h">
      <Filter>Header Files</Filter>
    </ClInclude>
    <ClInclude Include="GameData.h">
      <Filter>Header Files</Filter>
    </ClInclude>
    <ClInclude Include="GameStateResult.h">
      <Filter>Header Files</Filter>
    </ClInclude>
    <ClInclude Include="AccessoriesStateManager.h">
      <Filter>Header Files</Filter>
    </ClInclude>
    <ClInclude Include="AccessoriesState02.h">
      <Filter>Header Files</Filter>
    </ClInclude>
    <ClInclude Include="__vm\.PikoPikoLoveTouchMini-master.vsarduino.h">
      <Filter>Header Files</Filter>
    </ClInclude>
  </ItemGroup>
  <ItemGroup>
    <ClCompile Include="TactButton.cpp">
      <Filter>Source Files</Filter>
    </ClCompile>
    <ClCompile Include="Timer.cpp">
      <Filter>Source Files</Filter>
    </ClCompile>
    <ClCompile Include="Buzzer.cpp">
      <Filter>Source Files</Filter>
    </ClCompile>
    <ClCompile Include="LedStrip.cpp">
      <Filter>Source Files</Filter>
    </ClCompile>
    <ClCompile Include="TouchPanel.cpp">
      <Filter>Source Files</Filter>
    </ClCompile>
    <ClCompile Include="IState.cpp">
      <Filter>Source Files</Filter>
    </ClCompile>
    <ClCompile Include="AccessoriesState01.cpp">
      <Filter>Source Files</Filter>
    </ClCompile>
    <ClCompile Include="GameStateWaitingLoveTouch.cpp">
      <Filter>Source Files</Filter>
    </ClCompile>
    <ClCompile Include="GameStateManager.cpp">
      <Filter>Source Files</Filter>
    </ClCompile>
    <ClCompile Include="GameStatePlaying.cpp">
      <Filter>Source Files</Filter>
    </ClCompile>
    <ClCompile Include="GameData.cpp">
      <Filter>Source Files</Filter>
    </ClCompile>
    <ClCompile Include="GameStateResult.cpp">
      <Filter>Source Files</Filter>
    </ClCompile>
    <ClCompile Include="AccessoriesStateManager.cpp">
      <Filter>Source Files</Filter>
    </ClCompile>
    <ClCompile Include="AccessoriesState02.cpp">
      <Filter>Source Files</Filter>
    </ClCompile>
  </ItemGroup>
  <ItemGroup>
    <Text Include="LICENSE.txt">
      <Filter>Resource Files</Filter>
    </Text>
    <Text Include="README.txt">
      <Filter>Resource Files</Filter>
    </Text>
  </ItemGroup>
</Project>